
Microsoft Visual Studio Solution File, Format Version 12.00
# Visual Studio Version 17
VisualStudioVersion = 17.14.36327.8 d17.14
MinimumVisualStudioVersion = 10.0.40219.1
Project("{FAE04EC0-301F-11D3-BF4B-00C04F79EFBC}") = "MCPClient", "MCPClient\MCPClient.csproj", "{F735550B-103A-4CFE-A9B9-F53BC02A59D1}"
EndProject
Global
	GlobalSection(SolutionConfigurationPlatforms) = preSolution
		Debug|Any CPU = Debug|Any CPU
		Release|Any CPU = Release|Any CPU
	EndGlobalSection
	GlobalSection(ProjectConfigurationPlatforms) = postSolution
		{F735550B-103A-4CFE-A9B9-F53BC02A59D1}.Debug|Any CPU.ActiveCfg = Debug|Any CPU
		{F735550B-103A-4CFE-A9B9-F53BC02A59D1}.Debug|Any CPU.Build.0 = Debug|Any CPU
		{F735550B-103A-4CFE-A9B9-F53BC02A59D1}.Release|Any CPU.ActiveCfg = Release|Any CPU
		{F735550B-103A-4CFE-A9B9-F53BC02A59D1}.Release|Any CPU.Build.0 = Release|Any CPU
	EndGlobalSection
	GlobalSection(SolutionProperties) = preSolution
		HideSolutionNode = FALSE
	EndGlobalSection
	GlobalSection(ExtensibilityGlobals) = postSolution
		SolutionGuid = {F1CAE9B7-7C1A-476D-89D8-CD877AF686D3}
	EndGlobalSection
EndGlobal
